
Microsoft Visual Studio Solution File, Format Version 12.00
# Visual Studio Version 16
VisualStudioVersion = 16.0.29709.97
MinimumVisualStudioVersion = 10.0.40219.1
Project("{FAE04EC0-301F-11D3-BF4B-00C04F79EFBC}") = "godtiercapstoneasp", "godtiercapstoneasp.csproj", "{ECDCE0F3-980C-423E-A205-A0C66CE2A782}"
EndProject
Global
	GlobalSection(SolutionConfigurationPlatforms) = preSolution
		Debug|Any CPU = Debug|Any CPU
		Release|Any CPU = Release|Any CPU
	EndGlobalSection
	GlobalSection(ProjectConfigurationPlatforms) = postSolution
		{ECDCE0F3-980C-423E-A205-A0C66CE2A782}.Debug|Any CPU.ActiveCfg = Debug|Any CPU
		{ECDCE0F3-980C-423E-A205-A0C66CE2A782}.Debug|Any CPU.Build.0 = Debug|Any CPU
		{ECDCE0F3-980C-423E-A205-A0C66CE2A782}.Release|Any CPU.ActiveCfg = Release|Any CPU
		{ECDCE0F3-980C-423E-A205-A0C66CE2A782}.Release|Any CPU.Build.0 = Release|Any CPU
	EndGlobalSection
	GlobalSection(SolutionProperties) = preSolution
		HideSolutionNode = FALSE
	EndGlobalSection
	GlobalSection(ExtensibilityGlobals) = postSolution
		SolutionGuid = {7E23D0F2-D791-4DAC-A1D8-3FCC07A357F1}
	EndGlobalSection
EndGlobal
